// !$*UTF8*$!
{
	archiveVersion = 1;
	classes = {
	};
	objectVersion = 55;
	objects = {

/* Begin PBXBuildFile section */
		55044E6327040DB20021B0E3 /* MovieLibraryApp.swift in Sources */ = {isa = PBXBuildFile; fileRef = 55044E6227040DB20021B0E3 /* MovieLibraryApp.swift */; };
		55044E6527040DB20021B0E3 /* ContentView.swift in Sources */ = {isa = PBXBuildFile; fileRef = 55044E6427040DB20021B0E3 /* ContentView.swift */; };
		55044E6727040DB70021B0E3 /* Assets.xcassets in Resources */ = {isa = PBXBuildFile; fileRef = 55044E6627040DB70021B0E3 /* Assets.xcassets */; };
		55044E6A27040DB70021B0E3 /* Preview Assets.xcassets in Resources */ = {isa = PBXBuildFile; fileRef = 55044E6927040DB70021B0E3 /* Preview Assets.xcassets */; };
		55044E7427040DB80021B0E3 /* MovieLibraryTests.swift in Sources */ = {isa = PBXBuildFile; fileRef = 55044E7327040DB80021B0E3 /* MovieLibraryTests.swift */; };
		55044E7E27040DB80021B0E3 /* MovieLibraryUITests.swift in Sources */ = {isa = PBXBuildFile; fileRef = 55044E7D27040DB80021B0E3 /* MovieLibraryUITests.swift */; };
		55044E8027040DB80021B0E3 /* MovieLibraryUITestsLaunchTests.swift in Sources */ = {isa = PBXBuildFile; fileRef = 55044E7F27040DB80021B0E3 /* MovieLibraryUITestsLaunchTests.swift */; };
		55044E8E27040E100021B0E3 /* movies.json in Resources */ = {isa = PBXBuildFile; fileRef = 55044E8D27040E100021B0E3 /* movies.json */; };
		55044E9327040E860021B0E3 /* MovieLibrary.xcdatamodeld in Sources */ = {isa = PBXBuildFile; fileRef = 55044E9127040E860021B0E3 /* MovieLibrary.xcdatamodeld */; };
		55044E9627040FAB0021B0E3 /* Movie+CoreDataClass.swift in Sources */ = {isa = PBXBuildFile; fileRef = 55044E9427040FAB0021B0E3 /* Movie+CoreDataClass.swift */; };
		55044E9727040FAB0021B0E3 /* Movie+CoreDataProperties.swift in Sources */ = {isa = PBXBuildFile; fileRef = 55044E9527040FAB0021B0E3 /* Movie+CoreDataProperties.swift */; };
		55044E992704100C0021B0E3 /* PersistenceManager.swift in Sources */ = {isa = PBXBuildFile; fileRef = 55044E982704100C0021B0E3 /* PersistenceManager.swift */; };
		55044E9C270418080021B0E3 /* CodingUserInfoKey+Extension.swift in Sources */ = {isa = PBXBuildFile; fileRef = 55044E9B270418080021B0E3 /* CodingUserInfoKey+Extension.swift */; };
		55044E9F27041DC40021B0E3 /* MovieManager.swift in Sources */ = {isa = PBXBuildFile; fileRef = 55044E9E27041DC40021B0E3 /* MovieManager.swift */; };
		556F0AD72704B7010063CF33 /* RatingView.swift in Sources */ = {isa = PBXBuildFile; fileRef = 556F0AD62704B7010063CF33 /* RatingView.swift */; };
/* End PBXBuildFile section */

/* Begin PBXContainerItemProxy section */
		55044E7027040DB80021B0E3 /* PBXContainerItemProxy */ = {
			isa = PBXContainerItemProxy;
			containerPortal = 55044E5727040DB20021B0E3 /* Project object */;
			proxyType = 1;
			remoteGlobalIDString = 55044E5E27040DB20021B0E3;
			remoteInfo = MovieLibrary;
		};
		55044E7A27040DB80021B0E3 /* PBXContainerItemProxy */ = {
			isa = PBXContainerItemProxy;
			containerPortal = 55044E5727040DB20021B0E3 /* Project object */;
			proxyType = 1;
			remoteGlobalIDString = 55044E5E27040DB20021B0E3;
			remoteInfo = MovieLibrary;
		};
/* End PBXContainerItemProxy section */

/* Begin PBXFileReference section */
		55044E5F27040DB20021B0E3 /* MovieLibrary.app */ = {isa = PBXFileReference; explicitFileType = wrapper.application; includeInIndex = 0; path = MovieLibrary.app; sourceTree = BUILT_PRODUCTS_DIR; };
		55044E6227040DB20021B0E3 /* MovieLibraryApp.swift */ = {isa = PBXFileReference; lastKnownFileType = sourcecode.swift; path = MovieLibraryApp.swift; sourceTree = "<group>"; };
		55044E6427040DB20021B0E3 /* ContentView.swift */ = {isa = PBXFileReference; lastKnownFileType = sourcecode.swift; path = ContentView.swift; sourceTree = "<group>"; };
		55044E6627040DB70021B0E3 /* Assets.xcassets */ = {isa = PBXFileReference; lastKnownFileType = folder.assetcatalog; path = Assets.xcassets; sourceTree = "<group>"; };
		55044E6927040DB70021B0E3 /* Preview Assets.xcassets */ = {isa = PBXFileReference; lastKnownFileType = folder.assetcatalog; path = "Preview Assets.xcassets"; sourceTree = "<group>"; };
		55044E6F27040DB80021B0E3 /* MovieLibraryTests.xctest */ = {isa = PBXFileReference; explicitFileType = wrapper.cfbundle; includeInIndex = 0; path = MovieLibraryTests.xctest; sourceTree = BUILT_PRODUCTS_DIR; };
		55044E7327040DB80021B0E3 /* MovieLibraryTests.swift */ = {isa = PBXFileReference; lastKnownFileType = sourcecode.swift; path = MovieLibraryTests.swift; sourceTree = "<group>"; };
		55044E7927040DB80021B0E3 /* MovieLibraryUITests.xctest */ = {isa = PBXFileReference; explicitFileType = wrapper.cfbundle; includeInIndex = 0; path = MovieLibraryUITests.xctest; sourceTree = BUILT_PRODUCTS_DIR; };
		55044E7D27040DB80021B0E3 /* MovieLibraryUITests.swift */ = {isa = PBXFileReference; lastKnownFileType = sourcecode.swift; path = MovieLibraryUITests.swift; sourceTree = "<group>"; };
		55044E7F27040DB80021B0E3 /* MovieLibraryUITestsLaunchTests.swift */ = {isa = PBXFileReference; lastKnownFileType = sourcecode.swift; path = MovieLibraryUITestsLaunchTests.swift; sourceTree = "<group>"; };
		55044E8D27040E100021B0E3 /* movies.json */ = {isa = PBXFileReference; fileEncoding = 4; lastKnownFileType = text.json; path = movies.json; sourceTree = "<group>"; };
		55044E9227040E860021B0E3 /* MovieLibrary.xcdatamodel */ = {isa = PBXFileReference; lastKnownFileType = wrapper.xcdatamodel; path = MovieLibrary.xcdatamodel; sourceTree = "<group>"; };
		55044E9427040FAB0021B0E3 /* Movie+CoreDataClass.swift */ = {isa = PBXFileReference; lastKnownFileType = sourcecode.swift; path = "Movie+CoreDataClass.swift"; sourceTree = "<group>"; };
		55044E9527040FAB0021B0E3 /* Movie+CoreDataProperties.swift */ = {isa = PBXFileReference; lastKnownFileType = sourcecode.swift; path = "Movie+CoreDataProperties.swift"; sourceTree = "<group>"; };
		55044E982704100C0021B0E3 /* PersistenceManager.swift */ = {isa = PBXFileReference; lastKnownFileType = sourcecode.swift; path = PersistenceManager.swift; sourceTree = "<group>"; };
		55044E9B270418080021B0E3 /* CodingUserInfoKey+Extension.swift */ = {isa = PBXFileReference; lastKnownFileType = sourcecode.swift; path = "CodingUserInfoKey+Extension.swift"; sourceTree = "<group>"; };
		55044E9E27041DC40021B0E3 /* MovieManager.swift */ = {isa = PBXFileReference; lastKnownFileType = sourcecode.swift; path = MovieManager.swift; sourceTree = "<group>"; };
		556F0AD62704B7010063CF33 /* RatingView.swift */ = {isa = PBXFileReference; lastKnownFileType = sourcecode.swift; path = RatingView.swift; sourceTree = "<group>"; };
/* End PBXFileReference section */

/* Begin PBXFrameworksBuildPhase section */
		55044E5C27040DB20021B0E3 /* Frameworks */ = {
			isa = PBXFrameworksBuildPhase;
			buildActionMask = 2147483647;
			files = (
			);
			runOnlyForDeploymentPostprocessing = 0;
		};
		55044E6C27040DB80021B0E3 /* Frameworks */ = {
			isa = PBXFrameworksBuildPhase;
			buildActionMask = 2147483647;
			files = (
			);
			runOnlyForDeploymentPostprocessing = 0;
		};
		55044E7627040DB80021B0E3 /* Frameworks */ = {
			isa = PBXFrameworksBuildPhase;
			buildActionMask = 2147483647;
			files = (
			);
			runOnlyForDeploymentPostprocessing = 0;
		};
/* End PBXFrameworksBuildPhase section */

/* Begin PBXGroup section */
		55044E5627040DB20021B0E3 = {
			isa = PBXGroup;
			children = (
				55044E6127040DB20021B0E3 /* MovieLibrary */,
				55044E7227040DB80021B0E3 /* MovieLibraryTests */,
				55044E7C27040DB80021B0E3 /* MovieLibraryUITests */,
				55044E6027040DB20021B0E3 /* Products */,
			);
			sourceTree = "<group>";
		};
		55044E6027040DB20021B0E3 /* Products */ = {
			isa = PBXGroup;
			children = (
				55044E5F27040DB20021B0E3 /* MovieLibrary.app */,
				55044E6F27040DB80021B0E3 /* MovieLibraryTests.xctest */,
				55044E7927040DB80021B0E3 /* MovieLibraryUITests.xctest */,
			);
			name = Products;
			sourceTree = "<group>";
		};
		55044E6127040DB20021B0E3 /* MovieLibrary */ = {
			isa = PBXGroup;
			children = (
				55044E6227040DB20021B0E3 /* MovieLibraryApp.swift */,
				55044E9A270417EA0021B0E3 /* Extensions */,
				55044E9027040E750021B0E3 /* Data */,
				55044E9D27041DAA0021B0E3 /* Services */,
				55044E8F27040E6F0021B0E3 /* Models */,
				556F0AD52704B6E90063CF33 /* Views */,
				55044E6627040DB70021B0E3 /* Assets.xcassets */,
				55044E8C27040E040021B0E3 /* Resources */,
				55044E6827040DB70021B0E3 /* Preview Content */,
			);
			path = MovieLibrary;
			sourceTree = "<group>";
		};
		55044E6827040DB70021B0E3 /* Preview Content */ = {
			isa = PBXGroup;
			children = (
				55044E6927040DB70021B0E3 /* Preview Assets.xcassets */,
			);
			path = "Preview Content";
			sourceTree = "<group>";
		};
		55044E7227040DB80021B0E3 /* MovieLibraryTests */ = {
			isa = PBXGroup;
			children = (
				55044E7327040DB80021B0E3 /* MovieLibraryTests.swift */,
			);
			path = MovieLibraryTests;
			sourceTree = "<group>";
		};
		55044E7C27040DB80021B0E3 /* MovieLibraryUITests */ = {
			isa = PBXGroup;
			children = (
				55044E7D27040DB80021B0E3 /* MovieLibraryUITests.swift */,
				55044E7F27040DB80021B0E3 /* MovieLibraryUITestsLaunchTests.swift */,
			);
			path = MovieLibraryUITests;
			sourceTree = "<group>";
		};
		55044E8C27040E040021B0E3 /* Resources */ = {
			isa = PBXGroup;
			children = (
				55044E8D27040E100021B0E3 /* movies.json */,
			);
			path = Resources;
			sourceTree = "<group>";
		};
		55044E8F27040E6F0021B0E3 /* Models */ = {
			isa = PBXGroup;
			children = (
				55044E9427040FAB0021B0E3 /* Movie+CoreDataClass.swift */,
				55044E9527040FAB0021B0E3 /* Movie+CoreDataProperties.swift */,
			);
			path = Models;
			sourceTree = "<group>";
		};
		55044E9027040E750021B0E3 /* Data */ = {
			isa = PBXGroup;
			children = (
				55044E982704100C0021B0E3 /* PersistenceManager.swift */,
				55044E9127040E860021B0E3 /* MovieLibrary.xcdatamodeld */,
			);
			path = Data;
			sourceTree = "<group>";
		};
		55044E9A270417EA0021B0E3 /* Extensions */ = {
			isa = PBXGroup;
			children = (
				55044E9B270418080021B0E3 /* CodingUserInfoKey+Extension.swift */,
			);
			path = Extensions;
			sourceTree = "<group>";
		};
		55044E9D27041DAA0021B0E3 /* Services */ = {
			isa = PBXGroup;
			children = (
				55044E9E27041DC40021B0E3 /* MovieManager.swift */,
			);
			path = Services;
			sourceTree = "<group>";
		};
		556F0AD52704B6E90063CF33 /* Views */ = {
			isa = PBXGroup;
			children = (
				55044E6427040DB20021B0E3 /* ContentView.swift */,
				556F0AD62704B7010063CF33 /* RatingView.swift */,
			);
			path = Views;
			sourceTree = "<group>";
		};
/* End PBXGroup section */

/* Begin PBXNativeTarget section */
		55044E5E27040DB20021B0E3 /* MovieLibrary */ = {
			isa = PBXNativeTarget;
			buildConfigurationList = 55044E8327040DB80021B0E3 /* Build configuration list for PBXNativeTarget "MovieLibrary" */;
			buildPhases = (
				55044E5B27040DB20021B0E3 /* Sources */,
				55044E5C27040DB20021B0E3 /* Frameworks */,
				55044E5D27040DB20021B0E3 /* Resources */,
			);
			buildRules = (
			);
			dependencies = (
			);
			name = MovieLibrary;
			productName = MovieLibrary;
			productReference = 55044E5F27040DB20021B0E3 /* MovieLibrary.app */;
			productType = "com.apple.product-type.application";
		};
		55044E6E27040DB80021B0E3 /* MovieLibraryTests */ = {
			isa = PBXNativeTarget;
			buildConfigurationList = 55044E8627040DB80021B0E3 /* Build configuration list for PBXNativeTarget "MovieLibraryTests" */;
			buildPhases = (
				55044E6B27040DB80021B0E3 /* Sources */,
				55044E6C27040DB80021B0E3 /* Frameworks */,
				55044E6D27040DB80021B0E3 /* Resources */,
			);
			buildRules = (
			);
			dependencies = (
				55044E7127040DB80021B0E3 /* PBXTargetDependency */,
			);
			name = MovieLibraryTests;
			productName = MovieLibraryTests;
			productReference = 55044E6F27040DB80021B0E3 /* MovieLibraryTests.xctest */;
			productType = "com.apple.product-type.bundle.unit-test";
		};
		55044E7827040DB80021B0E3 /* MovieLibraryUITests */ = {
			isa = PBXNativeTarget;
			buildConfigurationList = 55044E8927040DB80021B0E3 /* Build configuration list for PBXNativeTarget "MovieLibraryUITests" */;
			buildPhases = (
				55044E7527040DB80021B0E3 /* Sources */,
				55044E7627040DB80021B0E3 /* Frameworks */,
				55044E7727040DB80021B0E3 /* Resources */,
			);
			buildRules = (
			);
			dependencies = (
				55044E7B27040DB80021B0E3 /* PBXTargetDependency */,
			);
			name = MovieLibraryUITests;
			productName = MovieLibraryUITests;
			productReference = 55044E7927040DB80021B0E3 /* MovieLibraryUITests.xctest */;
			productType = "com.apple.product-type.bundle.ui-testing";
		};
/* End PBXNativeTarget section */

/* Begin PBXProject section */
		55044E5727040DB20021B0E3 /* Project object */ = {
			isa = PBXProject;
			attributes = {
				BuildIndependentTargetsInParallel = 1;
				LastSwiftUpdateCheck = 1300;
				LastUpgradeCheck = 1300;
				TargetAttributes = {
					55044E5E27040DB20021B0E3 = {
						CreatedOnToolsVersion = 13.0;
					};
					55044E6E27040DB80021B0E3 = {
						CreatedOnToolsVersion = 13.0;
						TestTargetID = 55044E5E27040DB20021B0E3;
					};
					55044E7827040DB80021B0E3 = {
						CreatedOnToolsVersion = 13.0;
						TestTargetID = 55044E5E27040DB20021B0E3;
					};
				};
			};
			buildConfigurationList = 55044E5A27040DB20021B0E3 /* Build configuration list for PBXProject "MovieLibrary" */;
			compatibilityVersion = "Xcode 13.0";
			developmentRegion = en;
			hasScannedForEncodings = 0;
			knownRegions = (
				en,
				Base,
			);
			mainGroup = 55044E5627040DB20021B0E3;
			productRefGroup = 55044E6027040DB20021B0E3 /* Products */;
			projectDirPath = "";
			projectRoot = "";
			targets = (
				55044E5E27040DB20021B0E3 /* MovieLibrary */,
				55044E6E27040DB80021B0E3 /* MovieLibraryTests */,
				55044E7827040DB80021B0E3 /* MovieLibraryUITests */,
			);
		};
/* End PBXProject section */

/* Begin PBXResourcesBuildPhase section */
		55044E5D27040DB20021B0E3 /* Resources */ = {
			isa = PBXResourcesBuildPhase;
			buildActionMask = 2147483647;
			files = (
				55044E8E27040E100021B0E3 /* movies.json in Resources */,
				55044E6A27040DB70021B0E3 /* Preview Assets.xcassets in Resources */,
				55044E6727040DB70021B0E3 /* Assets.xcassets in Resources */,
			);
			runOnlyForDeploymentPostprocessing = 0;
		};
		55044E6D27040DB80021B0E3 /* Resources */ = {
			isa = PBXResourcesBuildPhase;
			buildActionMask = 2147483647;
			files = (
			);
			runOnlyForDeploymentPostprocessing = 0;
		};
		55044E7727040DB80021B0E3 /* Resources */ = {
			isa = PBXResourcesBuildPhase;
			buildActionMask = 2147483647;
			files = (
			);
			runOnlyForDeploymentPostprocessing = 0;
		};
/* End PBXResourcesBuildPhase section */

/* Begin PBXSourcesBuildPhase section */
		55044E5B27040DB20021B0E3 /* Sources */ = {
			isa = PBXSourcesBuildPhase;
			buildActionMask = 2147483647;
			files = (
				55044E9F27041DC40021B0E3 /* MovieManager.swift in Sources */,
				55044E9C270418080021B0E3 /* CodingUserInfoKey+Extension.swift in Sources */,
				55044E9627040FAB0021B0E3 /* Movie+CoreDataClass.swift in Sources */,
				556F0AD72704B7010063CF33 /* RatingView.swift in Sources */,
				55044E9727040FAB0021B0E3 /* Movie+CoreDataProperties.swift in Sources */,
				55044E6527040DB20021B0E3 /* ContentView.swift in Sources */,
				55044E992704100C0021B0E3 /* PersistenceManager.swift in Sources */,
				55044E6327040DB20021B0E3 /* MovieLibraryApp.swift in Sources */,
				55044E9327040E860021B0E3 /* MovieLibrary.xcdatamodeld in Sources */,
			);
			runOnlyForDeploymentPostprocessing = 0;
		};
		55044E6B27040DB80021B0E3 /* Sources */ = {
			isa = PBXSourcesBuildPhase;
			buildActionMask = 2147483647;
			files = (
				55044E7427040DB80021B0E3 /* MovieLibraryTests.swift in Sources */,
			);
			runOnlyForDeploymentPostprocessing = 0;
		};
		55044E7527040DB80021B0E3 /* Sources */ = {
			isa = PBXSourcesBuildPhase;
			buildActionMask = 2147483647;
			files = (
				55044E7E27040DB80021B0E3 /* MovieLibraryUITests.swift in Sources */,
				55044E8027040DB80021B0E3 /* MovieLibraryUITestsLaunchTests.swift in Sources */,
			);
			runOnlyForDeploymentPostprocessing = 0;
		};
/* End PBXSourcesBuildPhase section */

/* Begin PBXTargetDependency section */
		55044E7127040DB80021B0E3 /* PBXTargetDependency */ = {
			isa = PBXTargetDependency;
			target = 55044E5E27040DB20021B0E3 /* MovieLibrary */;
			targetProxy = 55044E7027040DB80021B0E3 /* PBXContainerItemProxy */;
		};
		55044E7B27040DB80021B0E3 /* PBXTargetDependency */ = {
			isa = PBXTargetDependency;
			target = 55044E5E27040DB20021B0E3 /* MovieLibrary */;
			targetProxy = 55044E7A27040DB80021B0E3 /* PBXContainerItemProxy */;
		};
/* End PBXTargetDependency section */

/* Begin XCBuildConfiguration section */
		55044E8127040DB80021B0E3 /* Debug */ = {
			isa = XCBuildConfiguration;
			buildSettings = {
				ALWAYS_SEARCH_USER_PATHS = NO;
				CLANG_ANALYZER_NONNULL = YES;
				CLANG_ANALYZER_NUMBER_OBJECT_CONVERSION = YES_AGGRESSIVE;
				CLANG_CXX_LANGUAGE_STANDARD = "gnu++17";
				CLANG_CXX_LIBRARY = "libc++";
				CLANG_ENABLE_MODULES = YES;
				CLANG_ENABLE_OBJC_ARC = YES;
				CLANG_ENABLE_OBJC_WEAK = YES;
				CLANG_WARN_BLOCK_CAPTURE_AUTORELEASING = YES;
				CLANG_WARN_BOOL_CONVERSION = YES;
				CLANG_WARN_COMMA = YES;
				CLANG_WARN_CONSTANT_CONVERSION = YES;
				CLANG_WARN_DEPRECATED_OBJC_IMPLEMENTATIONS = YES;
				CLANG_WARN_DIRECT_OBJC_ISA_USAGE = YES_ERROR;
				CLANG_WARN_DOCUMENTATION_COMMENTS = YES;
				CLANG_WARN_EMPTY_BODY = YES;
				CLANG_WARN_ENUM_CONVERSION = YES;
				CLANG_WARN_INFINITE_RECURSION = YES;
				CLANG_WARN_INT_CONVERSION = YES;
				CLANG_WARN_NON_LITERAL_NULL_CONVERSION = YES;
				CLANG_WARN_OBJC_IMPLICIT_RETAIN_SELF = YES;
				CLANG_WARN_OBJC_LITERAL_CONVERSION = YES;
				CLANG_WARN_OBJC_ROOT_CLASS = YES_ERROR;
				CLANG_WARN_QUOTED_INCLUDE_IN_FRAMEWORK_HEADER = YES;
				CLANG_WARN_RANGE_LOOP_ANALYSIS = YES;
				CLANG_WARN_STRICT_PROTOTYPES = YES;
				CLANG_WARN_SUSPICIOUS_MOVE = YES;
				CLANG_WARN_UNGUARDED_AVAILABILITY = YES_AGGRESSIVE;
				CLANG_WARN_UNREACHABLE_CODE = YES;
				CLANG_WARN__DUPLICATE_METHOD_MATCH = YES;
				COPY_PHASE_STRIP = NO;
				DEBUG_INFORMATION_FORMAT = dwarf;
				ENABLE_STRICT_OBJC_MSGSEND = YES;
				ENABLE_TESTABILITY = YES;
				GCC_C_LANGUAGE_STANDARD = gnu11;
				GCC_DYNAMIC_NO_PIC = NO;
				GCC_NO_COMMON_BLOCKS = YES;
				GCC_OPTIMIZATION_LEVEL = 0;
				GCC_PREPROCESSOR_DEFINITIONS = (
					"DEBUG=1",
					"$(inherited)",
				);
				GCC_WARN_64_TO_32_BIT_CONVERSION = YES;
				GCC_WARN_ABOUT_RETURN_TYPE = YES_ERROR;
				GCC_WARN_UNDECLARED_SELECTOR = YES;
				GCC_WARN_UNINITIALIZED_AUTOS = YES_AGGRESSIVE;
				GCC_WARN_UNUSED_FUNCTION = YES;
				GCC_WARN_UNUSED_VARIABLE = YES;
				IPHONEOS_DEPLOYMENT_TARGET = 15.0;
				MTL_ENABLE_DEBUG_INFO = INCLUDE_SOURCE;
				MTL_FAST_MATH = YES;
				ONLY_ACTIVE_ARCH = YES;
				SDKROOT = iphoneos;
				SWIFT_ACTIVE_COMPILATION_CONDITIONS = DEBUG;
				SWIFT_OPTIMIZATION_LEVEL = "-Onone";
			};
			name = Debug;
		};
		55044E8227040DB80021B0E3 /* Release */ = {
			isa = XCBuildConfiguration;
			buildSettings = {
				ALWAYS_SEARCH_USER_PATHS = NO;
				CLANG_ANALYZER_NONNULL = YES;
				CLANG_ANALYZER_NUMBER_OBJECT_CONVERSION = YES_AGGRESSIVE;
				CLANG_CXX_LANGUAGE_STANDARD = "gnu++17";
				CLANG_CXX_LIBRARY = "libc++";
				CLANG_ENABLE_MODULES = YES;
				CLANG_ENABLE_OBJC_ARC = YES;
				CLANG_ENABLE_OBJC_WEAK = YES;
				CLANG_WARN_BLOCK_CAPTURE_AUTORELEASING = YES;
				CLANG_WARN_BOOL_CONVERSION = YES;
				CLANG_WARN_COMMA = YES;
				CLANG_WARN_CONSTANT_CONVERSION = YES;
				CLANG_WARN_DEPRECATED_OBJC_IMPLEMENTATIONS = YES;
				CLANG_WARN_DIRECT_OBJC_ISA_USAGE = YES_ERROR;
				CLANG_WARN_DOCUMENTATION_COMMENTS = YES;
				CLANG_WARN_EMPTY_BODY = YES;
				CLANG_WARN_ENUM_CONVERSION = YES;
				CLANG_WARN_INFINITE_RECURSION = YES;
				CLANG_WARN_INT_CONVERSION = YES;
				CLANG_WARN_NON_LITERAL_NULL_CONVERSION = YES;
				CLANG_WARN_OBJC_IMPLICIT_RETAIN_SELF = YES;
				CLANG_WARN_OBJC_LITERAL_CONVERSION = YES;
				CLANG_WARN_OBJC_ROOT_CLASS = YES_ERROR;
				CLANG_WARN_QUOTED_INCLUDE_IN_FRAMEWORK_HEADER = YES;
				CLANG_WARN_RANGE_LOOP_ANALYSIS = YES;
				CLANG_WARN_STRICT_PROTOTYPES = YES;
				CLANG_WARN_SUSPICIOUS_MOVE = YES;
				CLANG_WARN_UNGUARDED_AVAILABILITY = YES_AGGRESSIVE;
				CLANG_WARN_UNREACHABLE_CODE = YES;
				CLANG_WARN__DUPLICATE_METHOD_MATCH = YES;
				COPY_PHASE_STRIP = NO;
				DEBUG_INFORMATION_FORMAT = "dwarf-with-dsym";
				ENABLE_NS_ASSERTIONS = NO;
				ENABLE_STRICT_OBJC_MSGSEND = YES;
				GCC_C_LANGUAGE_STANDARD = gnu11;
				GCC_NO_COMMON_BLOCKS = YES;
				GCC_WARN_64_TO_32_BIT_CONVERSION = YES;
				GCC_WARN_ABOUT_RETURN_TYPE = YES_ERROR;
				GCC_WARN_UNDECLARED_SELECTOR = YES;
				GCC_WARN_UNINITIALIZED_AUTOS = YES_AGGRESSIVE;
				GCC_WARN_UNUSED_FUNCTION = YES;
				GCC_WARN_UNUSED_VARIABLE = YES;
				IPHONEOS_DEPLOYMENT_TARGET = 15.0;
				MTL_ENABLE_DEBUG_INFO = NO;
				MTL_FAST_MATH = YES;
				SDKROOT = iphoneos;
				SWIFT_COMPILATION_MODE = wholemodule;
				SWIFT_OPTIMIZATION_LEVEL = "-O";
				VALIDATE_PRODUCT = YES;
			};
			name = Release;
		};
		55044E8427040DB80021B0E3 /* Debug */ = {
			isa = XCBuildConfiguration;
			buildSettings = {
				ASSETCATALOG_COMPILER_APPICON_NAME = AppIcon;
				ASSETCATALOG_COMPILER_GLOBAL_ACCENT_COLOR_NAME = AccentColor;
				CODE_SIGN_STYLE = Automatic;
				CURRENT_PROJECT_VERSION = 1;
				DEVELOPMENT_ASSET_PATHS = "\"MovieLibrary/Preview Content\"";
				DEVELOPMENT_TEAM = YVUPDJXNRC;
				ENABLE_PREVIEWS = YES;
				GENERATE_INFOPLIST_FILE = YES;
				INFOPLIST_KEY_UIApplicationSceneManifest_Generation = YES;
				INFOPLIST_KEY_UIApplicationSupportsIndirectInputEvents = YES;
				INFOPLIST_KEY_UILaunchScreen_Generation = YES;
				INFOPLIST_KEY_UISupportedInterfaceOrientations_iPad = "UIInterfaceOrientationPortrait UIInterfaceOrientationPortraitUpsideDown UIInterfaceOrientationLandscapeLeft UIInterfaceOrientationLandscapeRight";
				INFOPLIST_KEY_UISupportedInterfaceOrientations_iPhone = "UIInterfaceOrientationPortrait UIInterfaceOrientationLandscapeLeft UIInterfaceOrientationLandscapeRight";
				IPHONEOS_DEPLOYMENT_TARGET = 14.0;
				LD_RUNPATH_SEARCH_PATHS = (
					"$(inherited)",
					"@executable_path/Frameworks",
				);
				MARKETING_VERSION = 1.0;
				PRODUCT_BUNDLE_IDENTIFIER = com.FelipeVidal.MovieLibrary;
				PRODUCT_NAME = "$(TARGET_NAME)";
				SWIFT_EMIT_LOC_STRINGS = YES;
				SWIFT_VERSION = 5.0;
				TARGETED_DEVICE_FAMILY = "1,2";
			};
			name = Debug;
		};
		55044E8527040DB80021B0E3 /* Release */ = {
			isa = XCBuildConfiguration;
			buildSettings = {
				ASSETCATALOG_COMPILER_APPICON_NAME = AppIcon;
				ASSETCATALOG_COMPILER_GLOBAL_ACCENT_COLOR_NAME = AccentColor;
				CODE_SIGN_STYLE = Automatic;
				CURRENT_PROJECT_VERSION = 1;
				DEVELOPMENT_ASSET_PATHS = "\"MovieLibrary/Preview Content\"";
				DEVELOPMENT_TEAM = YVUPDJXNRC;
				ENABLE_PREVIEWS = YES;
				GENERATE_INFOPLIST_FILE = YES;
				INFOPLIST_KEY_UIApplicationSceneManifest_Generation = YES;
				INFOPLIST_KEY_UIApplicationSupportsIndirectInputEvents = YES;
				INFOPLIST_KEY_UILaunchScreen_Generation = YES;
				INFOPLIST_KEY_UISupportedInterfaceOrientations_iPad = "UIInterfaceOrientationPortrait UIInterfaceOrientationPortraitUpsideDown UIInterfaceOrientationLandscapeLeft UIInterfaceOrientationLandscapeRight";
				INFOPLIST_KEY_UISupportedInterfaceOrientations_iPhone = "UIInterfaceOrientationPortrait UIInterfaceOrientationLandscapeLeft UIInterfaceOrientationLandscapeRight";
				IPHONEOS_DEPLOYMENT_TARGET = 14.0;
				LD_RUNPATH_SEARCH_PATHS = (
					"$(inherited)",
					"@executable_path/Frameworks",
				);
				MARKETING_VERSION = 1.0;
				PRODUCT_BUNDLE_IDENTIFIER = com.FelipeVidal.MovieLibrary;
				PRODUCT_NAME = "$(TARGET_NAME)";
				SWIFT_EMIT_LOC_STRINGS = YES;
				SWIFT_VERSION = 5.0;
				TARGETED_DEVICE_FAMILY = "1,2";
			};
			name = Release;
		};
		55044E8727040DB80021B0E3 /* Debug */ = {
			isa = XCBuildConfiguration;
			buildSettings = {
				ALWAYS_EMBED_SWIFT_STANDARD_LIBRARIES = YES;
				BUNDLE_LOADER = "$(TEST_HOST)";
				CODE_SIGN_STYLE = Automatic;
				CURRENT_PROJECT_VERSION = 1;
				DEVELOPMENT_TEAM = YVUPDJXNRC;
				GENERATE_INFOPLIST_FILE = YES;
				IPHONEOS_DEPLOYMENT_TARGET = 14.0;
				LD_RUNPATH_SEARCH_PATHS = (
					"$(inherited)",
					"@executable_path/Frameworks",
					"@loader_path/Frameworks",
				);
				MARKETING_VERSION = 1.0;
				PRODUCT_BUNDLE_IDENTIFIER = com.FelipeVidal.MovieLibraryTests;
				PRODUCT_NAME = "$(TARGET_NAME)";
				SWIFT_EMIT_LOC_STRINGS = NO;
				SWIFT_VERSION = 5.0;
				TARGETED_DEVICE_FAMILY = "1,2";
				TEST_HOST = "$(BUILT_PRODUCTS_DIR)/MovieLibrary.app/MovieLibrary";
			};
			name = Debug;
		};
		55044E8827040DB80021B0E3 /* Release */ = {
			isa = XCBuildConfiguration;
			buildSettings = {
				ALWAYS_EMBED_SWIFT_STANDARD_LIBRARIES = YES;
				BUNDLE_LOADER = "$(TEST_HOST)";
				CODE_SIGN_STYLE = Automatic;
				CURRENT_PROJECT_VERSION = 1;
				DEVELOPMENT_TEAM = YVUPDJXNRC;
				GENERATE_INFOPLIST_FILE = YES;
				IPHONEOS_DEPLOYMENT_TARGET = 14.0;
				LD_RUNPATH_SEARCH_PATHS = (
					"$(inherited)",
					"@executable_path/Frameworks",
					"@loader_path/Frameworks",
				);
				MARKETING_VERSION = 1.0;
				PRODUCT_BUNDLE_IDENTIFIER = com.FelipeVidal.MovieLibraryTests;
				PRODUCT_NAME = "$(TARGET_NAME)";
				SWIFT_EMIT_LOC_STRINGS = NO;
				SWIFT_VERSION = 5.0;
				TARGETED_DEVICE_FAMILY = "1,2";
				TEST_HOST = "$(BUILT_PRODUCTS_DIR)/MovieLibrary.app/MovieLibrary";
			};
			name = Release;
		};
		55044E8A27040DB80021B0E3 /* Debug */ = {
			isa = XCBuildConfiguration;
			buildSettings = {
				ALWAYS_EMBED_SWIFT_STANDARD_LIBRARIES = YES;
				CODE_SIGN_STYLE = Automatic;
				CURRENT_PROJECT_VERSION = 1;
				DEVELOPMENT_TEAM = YVUPDJXNRC;
				GENERATE_INFOPLIST_FILE = YES;
				LD_RUNPATH_SEARCH_PATHS = (
					"$(inherited)",
					"@executable_path/Frameworks",
					"@loader_path/Frameworks",
				);
				MARKETING_VERSION = 1.0;
				PRODUCT_BUNDLE_IDENTIFIER = com.FelipeVidal.MovieLibraryUITests;
				PRODUCT_NAME = "$(TARGET_NAME)";
				SWIFT_EMIT_LOC_STRINGS = NO;
				SWIFT_VERSION = 5.0;
				TARGETED_DEVICE_FAMILY = "1,2";
				TEST_TARGET_NAME = MovieLibrary;
			};
			name = Debug;
		};
		55044E8B27040DB80021B0E3 /* Release */ = {
			isa = XCBuildConfiguration;
			buildSettings = {
				ALWAYS_EMBED_SWIFT_STANDARD_LIBRARIES = YES;
				CODE_SIGN_STYLE = Automatic;
				CURRENT_PROJECT_VERSION = 1;
				DEVELOPMENT_TEAM = YVUPDJXNRC;
				GENERATE_INFOPLIST_FILE = YES;
				LD_RUNPATH_SEARCH_PATHS = (
					"$(inherited)",
					"@executable_path/Frameworks",
					"@loader_path/Frameworks",
				);
				MARKETING_VERSION = 1.0;
				PRODUCT_BUNDLE_IDENTIFIER = com.FelipeVidal.MovieLibraryUITests;
				PRODUCT_NAME = "$(TARGET_NAME)";
				SWIFT_EMIT_LOC_STRINGS = NO;
				SWIFT_VERSION = 5.0;
				TARGETED_DEVICE_FAMILY = "1,2";
				TEST_TARGET_NAME = MovieLibrary;
			};
			name = Release;
		};
/* End XCBuildConfiguration section */

/* Begin XCConfigurationList section */
		55044E5A27040DB20021B0E3 /* Build configuration list for PBXProject "MovieLibrary" */ = {
			isa = XCConfigurationList;
			buildConfigurations = (
				55044E8127040DB80021B0E3 /* Debug */,
				55044E8227040DB80021B0E3 /* Release */,
			);
			defaultConfigurationIsVisible = 0;
			defaultConfigurationName = Release;
		};
		55044E8327040DB80021B0E3 /* Build configuration list for PBXNativeTarget "MovieLibrary" */ = {
			isa = XCConfigurationList;
			buildConfigurations = (
				55044E8427040DB80021B0E3 /* Debug */,
				55044E8527040DB80021B0E3 /* Release */,
			);
			defaultConfigurationIsVisible = 0;
			defaultConfigurationName = Release;
		};
		55044E8627040DB80021B0E3 /* Build configuration list for PBXNativeTarget "MovieLibraryTests" */ = {
			isa = XCConfigurationList;
			buildConfigurations = (
				55044E8727040DB80021B0E3 /* Debug */,
				55044E8827040DB80021B0E3 /* Release */,
			);
			defaultConfigurationIsVisible = 0;
			defaultConfigurationName = Release;
		};
		55044E8927040DB80021B0E3 /* Build configuration list for PBXNativeTarget "MovieLibraryUITests" */ = {
			isa = XCConfigurationList;
			buildConfigurations = (
				55044E8A27040DB80021B0E3 /* Debug */,
				55044E8B27040DB80021B0E3 /* Release */,
			);
			defaultConfigurationIsVisible = 0;
			defaultConfigurationName = Release;
		};
/* End XCConfigurationList section */

/* Begin XCVersionGroup section */
		55044E9127040E860021B0E3 /* MovieLibrary.xcdatamodeld */ = {
			isa = XCVersionGroup;
			children = (
				55044E9227040E860021B0E3 /* MovieLibrary.xcdatamodel */,
			);
			currentVersion = 55044E9227040E860021B0E3 /* MovieLibrary.xcdatamodel */;
			path = MovieLibrary.xcdatamodeld;
			sourceTree = "<group>";
			versionGroupType = wrapper.xcdatamodel;
		};
/* End XCVersionGroup section */
	};
	rootObject = 55044E5727040DB20021B0E3 /* Project object */;
}
